dependencies:
  idf:
    component_hash: null
    source:
      type: idf
    version: 5.2.2
  lvgl/lvgl:
    component_hash: null
    source:
      path: F:\projects\esp32_vase\components\lvgl__lvgl
      type: local
    version: 7.11.0
  lvgl/lvgl_esp32_drivers:
    component_hash: null
    source:
      path: F:\projects\esp32_vase\components\lvgl__lvgl_esp32_drivers
      type: local
    version: 0.0.3
manifest_hash: 4f5f31dde7da09499e158170acd9fbccbbefbd62d6307f3f78cbb1ab8088485f
target: esp32
version: 1.0.0
